
Microsoft Visual Studio Solution File, Format Version 12.00
# Visual Studio Version 16
VisualStudioVersion = 16.0.29009.5
MinimumVisualStudioVersion = 10.0.40219.1
Project("{FAE04EC0-301F-11D3-BF4B-00C04F79EFBC}") = "Lesson9", "Lesson9.csproj", "{A197D228-CBFB-4229-BEC9-870447B1C03D}"
EndProject
Global
	GlobalSection(SolutionConfigurationPlatforms) = preSolution
		Debug|Any CPU = Debug|Any CPU
		Release|Any CPU = Release|Any CPU
	EndGlobalSection
	GlobalSection(ProjectConfigurationPlatforms) = postSolution
		{A197D228-CBFB-4229-BEC9-870447B1C03D}.Debug|Any CPU.ActiveCfg = Debug|Any CPU
		{A197D228-CBFB-4229-BEC9-870447B1C03D}.Debug|Any CPU.Build.0 = Debug|Any CPU
		{A197D228-CBFB-4229-BEC9-870447B1C03D}.Release|Any CPU.ActiveCfg = Release|Any CPU
		{A197D228-CBFB-4229-BEC9-870447B1C03D}.Release|Any CPU.Build.0 = Release|Any CPU
	EndGlobalSection
	GlobalSection(SolutionProperties) = preSolution
		HideSolutionNode = FALSE
	EndGlobalSection
	GlobalSection(ExtensibilityGlobals) = postSolution
		SolutionGuid = {7D0D8FD1-BD90-410B-B74D-E11E2BD28981}
	EndGlobalSection
EndGlobal
